
Microsoft Visual Studio Solution File, Format Version 12.00
# Visual Studio Version 17
VisualStudioVersion = 17.7.34031.279
MinimumVisualStudioVersion = 10.0.40219.1
Project("{8BC9CEB8-8B4A-11D0-8D11-00A0C91BC942}") = "Sem2_Lab1", "Sem2_Lab1\Sem2_Lab1.vcxproj", "{9AB1DDD9-1F9B-4D2F-B66D-DF4A4E1D88E6}"
EndProject
Global
	GlobalSection(SolutionConfigurationPlatforms) = preSolution
		Debug|x64 = Debug|x64
		Debug|x86 = Debug|x86
		Release|x64 = Release|x64
		Release|x86 = Release|x86
	EndGlobalSection
	GlobalSection(ProjectConfigurationPlatforms) = postSolution
		{9AB1DDD9-1F9B-4D2F-B66D-DF4A4E1D88E6}.Debug|x64.ActiveCfg = Debug|x64
		{9AB1DDD9-1F9B-4D2F-B66D-DF4A4E1D88E6}.Debug|x64.Build.0 = Debug|x64
		{9AB1DDD9-1F9B-4D2F-B66D-DF4A4E1D88E6}.Debug|x86.ActiveCfg = Debug|Win32
		{9AB1DDD9-1F9B-4D2F-B66D-DF4A4E1D88E6}.Debug|x86.Build.0 = Debug|Win32
		{9AB1DDD9-1F9B-4D2F-B66D-DF4A4E1D88E6}.Release|x64.ActiveCfg = Release|x64
		{9AB1DDD9-1F9B-4D2F-B66D-DF4A4E1D88E6}.Release|x64.Build.0 = Release|x64
		{9AB1DDD9-1F9B-4D2F-B66D-DF4A4E1D88E6}.Release|x86.ActiveCfg = Release|Win32
		{9AB1DDD9-1F9B-4D2F-B66D-DF4A4E1D88E6}.Release|x86.Build.0 = Release|Win32
	EndGlobalSection
	GlobalSection(SolutionProperties) = preSolution
		HideSolutionNode = FALSE
	EndGlobalSection
	GlobalSection(ExtensibilityGlobals) = postSolution
		SolutionGuid = {98A37AB3-F1A5-448C-AE43-AE7532B9CC97}
	EndGlobalSection
EndGlobal
